// !$*UTF8*$!
{
	archiveVersion = 1;
	classes = {
	};
	objectVersion = 50;
	objects = {

/* Begin PBXBuildFile section */
		2444CC9C2516124500806724 /* UIView.swift in Sources */ = {isa = PBXBuildFile; fileRef = 2444CC9B2516124500806724 /* UIView.swift */; };
		24FBDDDB24E820490016F25C /* AppDelegate.swift in Sources */ = {isa = PBXBuildFile; fileRef = 24FBDDDA24E820490016F25C /* AppDelegate.swift */; };
		24FBDDDF24E8204A0016F25C /* InstagridViewController.swift in Sources */ = {isa = PBXBuildFile; fileRef = 24FBDDDE24E8204A0016F25C /* InstagridViewController.swift */; };
		24FBDDE224E8204A0016F25C /* Main.storyboard in Resources */ = {isa = PBXBuildFile; fileRef = 24FBDDE024E8204A0016F25C /* Main.storyboard */; };
		24FBDDE424E820530016F25C /* Assets.xcassets in Resources */ = {isa = PBXBuildFile; fileRef = 24FBDDE324E820530016F25C /* Assets.xcassets */; };
		24FBDDE724E820530016F25C /* LaunchScreen.storyboard in Resources */ = {isa = PBXBuildFile; fileRef = 24FBDDE524E820530016F25C /* LaunchScreen.storyboard */; };
		24FBDDF224E830FA0016F25C /* ThirstySoftRegular.otf in Resources */ = {isa = PBXBuildFile; fileRef = 24FBDDF124E830FA0016F25C /* ThirstySoftRegular.otf */; };
		24FBDDF424E831030016F25C /* Delm-Medium.otf in Resources */ = {isa = PBXBuildFile; fileRef = 24FBDDF324E831030016F25C /* Delm-Medium.otf */; };
/* End PBXBuildFile section */

/* Begin PBXFileReference section */
		2444CC9B2516124500806724 /* UIView.swift */ = {isa = PBXFileReference; lastKnownFileType = sourcecode.swift; path = UIView.swift; sourceTree = "<group>"; };
		24FBDDD724E820490016F25C /* Instagrid.app */ = {isa = PBXFileReference; explicitFileType = wrapper.application; includeInIndex = 0; path = Instagrid.app; sourceTree = BUILT_PRODUCTS_DIR; };
		24FBDDDA24E820490016F25C /* AppDelegate.swift */ = {isa = PBXFileReference; lastKnownFileType = sourcecode.swift; path = AppDelegate.swift; sourceTree = "<group>"; };
		24FBDDDE24E8204A0016F25C /* InstagridViewController.swift */ = {isa = PBXFileReference; lastKnownFileType = sourcecode.swift; path = InstagridViewController.swift; sourceTree = "<group>"; };
		24FBDDE124E8204A0016F25C /* Base */ = {isa = PBXFileReference; lastKnownFileType = file.storyboard; name = Base; path = Base.lproj/Main.storyboard; sourceTree = "<group>"; };
		24FBDDE324E820530016F25C /* Assets.xcassets */ = {isa = PBXFileReference; lastKnownFileType = folder.assetcatalog; path = Assets.xcassets; sourceTree = "<group>"; };
		24FBDDE624E820530016F25C /* Base */ = {isa = PBXFileReference; lastKnownFileType = file.storyboard; name = Base; path = Base.lproj/LaunchScreen.storyboard; sourceTree = "<group>"; };
		24FBDDE824E820530016F25C /* Info.plist */ = {isa = PBXFileReference; lastKnownFileType = text.plist.xml; path = Info.plist; sourceTree = "<group>"; };
		24FBDDF124E830FA0016F25C /* ThirstySoftRegular.otf */ = {isa = PBXFileReference; lastKnownFileType = file; path = ThirstySoftRegular.otf; sourceTree = "<group>"; };
		24FBDDF324E831030016F25C /* Delm-Medium.otf */ = {isa = PBXFileReference; lastKnownFileType = file; path = "Delm-Medium.otf"; sourceTree = "<group>"; };
/* End PBXFileReference section */

/* Begin PBXFrameworksBuildPhase section */
		24FBDDD424E820490016F25C /* Frameworks */ = {
			isa = PBXFrameworksBuildPhase;
			buildActionMask = 2147483647;
			files = (
			);
			runOnlyForDeploymentPostprocessing = 0;
		};
/* End PBXFrameworksBuildPhase section */

/* Begin PBXGroup section */
		2444CC9A2516120800806724 /* Extension */ = {
			isa = PBXGroup;
			children = (
				2444CC9B2516124500806724 /* UIView.swift */,
			);
			path = Extension;
			sourceTree = "<group>";
		};
		24B9719F24EA6E8800B8FAE7 /* Polices */ = {
			isa = PBXGroup;
			children = (
				24FBDDF324E831030016F25C /* Delm-Medium.otf */,
				24FBDDF124E830FA0016F25C /* ThirstySoftRegular.otf */,
			);
			path = Polices;
			sourceTree = "<group>";
		};
		24FBDDCE24E820490016F25C = {
			isa = PBXGroup;
			children = (
				24FBDDD924E820490016F25C /* Instagrid */,
				24FBDDD824E820490016F25C /* Products */,
			);
			sourceTree = "<group>";
		};
		24FBDDD824E820490016F25C /* Products */ = {
			isa = PBXGroup;
			children = (
				24FBDDD724E820490016F25C /* Instagrid.app */,
			);
			name = Products;
			sourceTree = "<group>";
		};
		24FBDDD924E820490016F25C /* Instagrid */ = {
			isa = PBXGroup;
			children = (
				2444CC9A2516120800806724 /* Extension */,
				24FBDDEF24E82E520016F25C /* Supporting Files */,
				24FBDDEE24E82E380016F25C /* View */,
				24FBDDF024E82E890016F25C /* Controller */,
			);
			path = Instagrid;
			sourceTree = "<group>";
		};
		24FBDDEE24E82E380016F25C /* View */ = {
			isa = PBXGroup;
			children = (
				24FBDDE024E8204A0016F25C /* Main.storyboard */,
			);
			path = View;
			sourceTree = "<group>";
		};
		24FBDDEF24E82E520016F25C /* Supporting Files */ = {
			isa = PBXGroup;
			children = (
				24B9719F24EA6E8800B8FAE7 /* Polices */,
				24FBDDDA24E820490016F25C /* AppDelegate.swift */,
				24FBDDE524E820530016F25C /* LaunchScreen.storyboard */,
				24FBDDE824E820530016F25C /* Info.plist */,
				24FBDDE324E820530016F25C /* Assets.xcassets */,
			);
			path = "Supporting Files";
			sourceTree = "<group>";
		};
		24FBDDF024E82E890016F25C /* Controller */ = {
			isa = PBXGroup;
			children = (
				24FBDDDE24E8204A0016F25C /* InstagridViewController.swift */,
			);
			path = Controller;
			sourceTree = "<group>";
		};
/* End PBXGroup section */

/* Begin PBXNativeTarget section */
		24FBDDD624E820490016F25C /* Instagrid */ = {
			isa = PBXNativeTarget;
			buildConfigurationList = 24FBDDEB24E820530016F25C /* Build configuration list for PBXNativeTarget "Instagrid" */;
			buildPhases = (
				24FBDDD324E820490016F25C /* Sources */,
				24FBDDD424E820490016F25C /* Frameworks */,
				24FBDDD524E820490016F25C /* Resources */,
			);
			buildRules = (
			);
			dependencies = (
			);
			name = Instagrid;
			productName = Instagrid;
			productReference = 24FBDDD724E820490016F25C /* Instagrid.app */;
			productType = "com.apple.product-type.application";
		};
/* End PBXNativeTarget section */

/* Begin PBXProject section */
		24FBDDCF24E820490016F25C /* Project object */ = {
			isa = PBXProject;
			attributes = {
				LastSwiftUpdateCheck = 1160;
				LastUpgradeCheck = 1200;
				ORGANIZATIONNAME = "angelique fourny";
				TargetAttributes = {
					24FBDDD624E820490016F25C = {
						CreatedOnToolsVersion = 11.6;
					};
				};
			};
			buildConfigurationList = 24FBDDD224E820490016F25C /* Build configuration list for PBXProject "Instagrid" */;
			compatibilityVersion = "Xcode 9.3";
			developmentRegion = en;
			hasScannedForEncodings = 0;
			knownRegions = (
				en,
				Base,
			);
			mainGroup = 24FBDDCE24E820490016F25C;
			productRefGroup = 24FBDDD824E820490016F25C /* Products */;
			projectDirPath = "";
			projectRoot = "";
			targets = (
				24FBDDD624E820490016F25C /* Instagrid */,
			);
		};
/* End PBXProject section */

/* Begin PBXResourcesBuildPhase section */
		24FBDDD524E820490016F25C /* Resources */ = {
			isa = PBXResourcesBuildPhase;
			buildActionMask = 2147483647;
			files = (
				24FBDDE724E820530016F25C /* LaunchScreen.storyboard in Resources */,
				24FBDDF424E831030016F25C /* Delm-Medium.otf in Resources */,
				24FBDDE424E820530016F25C /* Assets.xcassets in Resources */,
				24FBDDF224E830FA0016F25C /* ThirstySoftRegular.otf in Resources */,
				24FBDDE224E8204A0016F25C /* Main.storyboard in Resources */,
			);
			runOnlyForDeploymentPostprocessing = 0;
		};
/* End PBXResourcesBuildPhase section */

/* Begin PBXSourcesBuildPhase section */
		24FBDDD324E820490016F25C /* Sources */ = {
			isa = PBXSourcesBuildPhase;
			buildActionMask = 2147483647;
			files = (
				2444CC9C2516124500806724 /* UIView.swift in Sources */,
				24FBDDDF24E8204A0016F25C /* InstagridViewController.swift in Sources */,
				24FBDDDB24E820490016F25C /* AppDelegate.swift in Sources */,
			);
			runOnlyForDeploymentPostprocessing = 0;
		};
/* End PBXSourcesBuildPhase section */

/* Begin PBXVariantGroup section */
		24FBDDE024E8204A0016F25C /* Main.storyboard */ = {
			isa = PBXVariantGroup;
			children = (
				24FBDDE124E8204A0016F25C /* Base */,
			);
			name = Main.storyboard;
			sourceTree = "<group>";
		};
		24FBDDE524E820530016F25C /* LaunchScreen.storyboard */ = {
			isa = PBXVariantGroup;
			children = (
				24FBDDE624E820530016F25C /* Base */,
			);
			name = LaunchScreen.storyboard;
			sourceTree = "<group>";
		};
/* End PBXVariantGroup section */

/* Begin XCBuildConfiguration section */
		24FBDDE924E820530016F25C /* Debug */ = {
			isa = XCBuildConfiguration;
			buildSettings = {
				ALWAYS_SEARCH_USER_PATHS = NO;
				CLANG_ANALYZER_NONNULL = YES;
				CLANG_ANALYZER_NUMBER_OBJECT_CONVERSION = YES_AGGRESSIVE;
				CLANG_CXX_LANGUAGE_STANDARD = "gnu++14";
				CLANG_CXX_LIBRARY = "libc++";
				CLANG_ENABLE_MODULES = YES;
				CLANG_ENABLE_OBJC_ARC = YES;
				CLANG_ENABLE_OBJC_WEAK = YES;
				CLANG_WARN_BLOCK_CAPTURE_AUTORELEASING = YES;
				CLANG_WARN_BOOL_CONVERSION = YES;
				CLANG_WARN_COMMA = YES;
				CLANG_WARN_CONSTANT_CONVERSION = YES;
				CLANG_WARN_DEPRECATED_OBJC_IMPLEMENTATIONS = YES;
				CLANG_WARN_DIRECT_OBJC_ISA_USAGE = YES_ERROR;
				CLANG_WARN_DOCUMENTATION_COMMENTS = YES;
				CLANG_WARN_EMPTY_BODY = YES;
				CLANG_WARN_ENUM_CONVERSION = YES;
				CLANG_WARN_INFINITE_RECURSION = YES;
				CLANG_WARN_INT_CONVERSION = YES;
				CLANG_WARN_NON_LITERAL_NULL_CONVERSION = YES;
				CLANG_WARN_OBJC_IMPLICIT_RETAIN_SELF = YES;
				CLANG_WARN_OBJC_LITERAL_CONVERSION = YES;
				CLANG_WARN_OBJC_ROOT_CLASS = YES_ERROR;
				CLANG_WARN_QUOTED_INCLUDE_IN_FRAMEWORK_HEADER = YES;
				CLANG_WARN_RANGE_LOOP_ANALYSIS = YES;
				CLANG_WARN_STRICT_PROTOTYPES = YES;
				CLANG_WARN_SUSPICIOUS_MOVE = YES;
				CLANG_WARN_UNGUARDED_AVAILABILITY = YES_AGGRESSIVE;
				CLANG_WARN_UNREACHABLE_CODE = YES;
				CLANG_WARN__DUPLICATE_METHOD_MATCH = YES;
				COPY_PHASE_STRIP = NO;
				DEBUG_INFORMATION_FORMAT = dwarf;
				ENABLE_STRICT_OBJC_MSGSEND = YES;
				ENABLE_TESTABILITY = YES;
				GCC_C_LANGUAGE_STANDARD = gnu11;
				GCC_DYNAMIC_NO_PIC = NO;
				GCC_NO_COMMON_BLOCKS = YES;
				GCC_OPTIMIZATION_LEVEL = 0;
				GCC_PREPROCESSOR_DEFINITIONS = (
					"DEBUG=1",
					"$(inherited)",
				);
				GCC_WARN_64_TO_32_BIT_CONVERSION = YES;
				GCC_WARN_ABOUT_RETURN_TYPE = YES_ERROR;
				GCC_WARN_UNDECLARED_SELECTOR = YES;
				GCC_WARN_UNINITIALIZED_AUTOS = YES_AGGRESSIVE;
				GCC_WARN_UNUSED_FUNCTION = YES;
				GCC_WARN_UNUSED_VARIABLE = YES;
				IPHONEOS_DEPLOYMENT_TARGET = 13.6;
				MTL_ENABLE_DEBUG_INFO = INCLUDE_SOURCE;
				MTL_FAST_MATH = YES;
				ONLY_ACTIVE_ARCH = YES;
				SDKROOT = iphoneos;
				SWIFT_ACTIVE_COMPILATION_CONDITIONS = DEBUG;
				SWIFT_OPTIMIZATION_LEVEL = "-Onone";
			};
			name = Debug;
		};
		24FBDDEA24E820530016F25C /* Release */ = {
			isa = XCBuildConfiguration;
			buildSettings = {
				ALWAYS_SEARCH_USER_PATHS = NO;
				CLANG_ANALYZER_NONNULL = YES;
				CLANG_ANALYZER_NUMBER_OBJECT_CONVERSION = YES_AGGRESSIVE;
				CLANG_CXX_LANGUAGE_STANDARD = "gnu++14";
				CLANG_CXX_LIBRARY = "libc++";
				CLANG_ENABLE_MODULES = YES;
				CLANG_ENABLE_OBJC_ARC = YES;
				CLANG_ENABLE_OBJC_WEAK = YES;
				CLANG_WARN_BLOCK_CAPTURE_AUTORELEASING = YES;
				CLANG_WARN_BOOL_CONVERSION = YES;
				CLANG_WARN_COMMA = YES;
				CLANG_WARN_CONSTANT_CONVERSION = YES;
				CLANG_WARN_DEPRECATED_OBJC_IMPLEMENTATIONS = YES;
				CLANG_WARN_DIRECT_OBJC_ISA_USAGE = YES_ERROR;
				CLANG_WARN_DOCUMENTATION_COMMENTS = YES;
				CLANG_WARN_EMPTY_BODY = YES;
				CLANG_WARN_ENUM_CONVERSION = YES;
				CLANG_WARN_INFINITE_RECURSION = YES;
				CLANG_WARN_INT_CONVERSION = YES;
				CLANG_WARN_NON_LITERAL_NULL_CONVERSION = YES;
				CLANG_WARN_OBJC_IMPLICIT_RETAIN_SELF = YES;
				CLANG_WARN_OBJC_LITERAL_CONVERSION = YES;
				CLANG_WARN_OBJC_ROOT_CLASS = YES_ERROR;
				CLANG_WARN_QUOTED_INCLUDE_IN_FRAMEWORK_HEADER = YES;
				CLANG_WARN_RANGE_LOOP_ANALYSIS = YES;
				CLANG_WARN_STRICT_PROTOTYPES = YES;
				CLANG_WARN_SUSPICIOUS_MOVE = YES;
				CLANG_WARN_UNGUARDED_AVAILABILITY = YES_AGGRESSIVE;
				CLANG_WARN_UNREACHABLE_CODE = YES;
				CLANG_WARN__DUPLICATE_METHOD_MATCH = YES;
				COPY_PHASE_STRIP = NO;
				DEBUG_INFORMATION_FORMAT = "dwarf-with-dsym";
				ENABLE_NS_ASSERTIONS = NO;
				ENABLE_STRICT_OBJC_MSGSEND = YES;
				GCC_C_LANGUAGE_STANDARD = gnu11;
				GCC_NO_COMMON_BLOCKS = YES;
				GCC_WARN_64_TO_32_BIT_CONVERSION = YES;
				GCC_WARN_ABOUT_RETURN_TYPE = YES_ERROR;
				GCC_WARN_UNDECLARED_SELECTOR = YES;
				GCC_WARN_UNINITIALIZED_AUTOS = YES_AGGRESSIVE;
				GCC_WARN_UNUSED_FUNCTION = YES;
				GCC_WARN_UNUSED_VARIABLE = YES;
				IPHONEOS_DEPLOYMENT_TARGET = 13.6;
				MTL_ENABLE_DEBUG_INFO = NO;
				MTL_FAST_MATH = YES;
				SDKROOT = iphoneos;
				SWIFT_COMPILATION_MODE = wholemodule;
				SWIFT_OPTIMIZATION_LEVEL = "-O";
				VALIDATE_PRODUCT = YES;
			};
			name = Release;
		};
		24FBDDEC24E820530016F25C /* Debug */ = {
			isa = XCBuildConfiguration;
			buildSettings = {
				ASSETCATALOG_COMPILER_APPICON_NAME = AppIcon;
				CODE_SIGN_IDENTITY = "Apple Development";
				CODE_SIGN_STYLE = Automatic;
				DEVELOPMENT_TEAM = 358ZT2285C;
				INFOPLIST_FILE = "$(SRCROOT)/Instagrid/Supporting Files/Info.plist";
				IPHONEOS_DEPLOYMENT_TARGET = 12.0;
				LD_RUNPATH_SEARCH_PATHS = (
					"$(inherited)",
					"@executable_path/Frameworks",
				);
				PRODUCT_BUNDLE_IDENTIFIER = fr.angeliquefourny.Instagrid;
				PRODUCT_NAME = "$(TARGET_NAME)";
				PROVISIONING_PROFILE_SPECIFIER = "";
				SWIFT_VERSION = 5.0;
				TARGETED_DEVICE_FAMILY = 1;
			};
			name = Debug;
		};
		24FBDDED24E820530016F25C /* Release */ = {
			isa = XCBuildConfiguration;
			buildSettings = {
				ASSETCATALOG_COMPILER_APPICON_NAME = AppIcon;
				CODE_SIGN_IDENTITY = "Apple Development";
				CODE_SIGN_STYLE = Automatic;
				DEVELOPMENT_TEAM = 358ZT2285C;
				INFOPLIST_FILE = "$(SRCROOT)/Instagrid/Supporting Files/Info.plist";
				IPHONEOS_DEPLOYMENT_TARGET = 12.0;
				LD_RUNPATH_SEARCH_PATHS = (
					"$(inherited)",
					"@executable_path/Frameworks",
				);
				PRODUCT_BUNDLE_IDENTIFIER = fr.angeliquefourny.Instagrid;
				PRODUCT_NAME = "$(TARGET_NAME)";
				PROVISIONING_PROFILE_SPECIFIER = "";
				SWIFT_VERSION = 5.0;
				TARGETED_DEVICE_FAMILY = 1;
			};
			name = Release;
		};
/* End XCBuildConfiguration section */

/* Begin XCConfigurationList section */
		24FBDDD224E820490016F25C /* Build configuration list for PBXProject "Instagrid" */ = {
			isa = XCConfigurationList;
			buildConfigurations = (
				24FBDDE924E820530016F25C /* Debug */,
				24FBDDEA24E820530016F25C /* Release */,
			);
			defaultConfigurationIsVisible = 0;
			defaultConfigurationName = Release;
		};
		24FBDDEB24E820530016F25C /* Build configuration list for PBXNativeTarget "Instagrid" */ = {
			isa = XCConfigurationList;
			buildConfigurations = (
				24FBDDEC24E820530016F25C /* Debug */,
				24FBDDED24E820530016F25C /* Release */,
			);
			defaultConfigurationIsVisible = 0;
			defaultConfigurationName = Release;
		};
/* End XCConfigurationList section */
	};
	rootObject = 24FBDDCF24E820490016F25C /* Project object */;
}
